{
  "name": "currencyxchange-cli",
  "version": "1.0.0",
  "lockfileVersion": 3,
  "requires": true,
  "packages": {
    "": {
      "name": "currencyxchange-cli",
      "version": "1.0.0",
      "license": "ISC",
      "dependencies": {
        "currencyxchange": "^2.2.1"
      }
    },
    "node_modules/axios": {
      "version": "0.21.4",
      "resolved": "https://registry.npmjs.org/axios/-/axios-0.21.4.tgz",
      "integrity": "sha512-ut5vewkiu8jjGBdqpM44XxjuCjq9LAKeHVmoVfHVzy8eHgxxq8SbAVQNovDA8mVi05kP0Ea/n/UzcSHcTJQfNg==",
      "license": "MIT",
      "dependencies": {
        "follow-redirects": "^1.14.0"
      }
    },
    "node_modules/clone": {
      "version": "2.1.2",
      "resolved": "https://registry.npmjs.org/clone/-/clone-2.1.2.tgz",
      "integrity": "sha512-3Pe/CF1Nn94hyhIYpjtiLhdCoEoz0DqQ+988E9gmeEdQZlojxnOb74wctFyuwWQHzqyf9X7C7MG8juUpqBJT8w==",
      "license": "MIT",
      "engines": {
        "node": ">=0.8"
      }
    },
    "node_modules/currencyxchange": {
      "version": "2.2.1",
      "resolved": "https://registry.npmjs.org/currencyxchange/-/currencyxchange-2.2.1.tgz",
      "integrity": "sha512-lilURUnRDIxozrlpxCNM4tyIbiiq4o3uURX2Q2acWFF9EMzsg5jnKXwH6S7d28g09Zxt+gSbHpCyulX//Ria+w==",
      "license": "MIT",
      "dependencies": {
        "axios": "^0.21.0",
        "node-cache": "^5.1.2"
      }
    },
    "node_modules/follow-redirects": {
      "version": "1.15.6",
      "resolved": "https://registry.npmjs.org/follow-redirects/-/follow-redirects-1.15.6.tgz",
      "integrity": "sha512-wWN62YITEaOpSK584EZXJafH1AGpO8RVgElfkuXbTOrPX4fIfOyEpW/CsiNd8JdYrAoOvafRTOEnvsO++qCqFA==",
      "funding": [
        {
          "type": "individual",
          "url": "https://github.com/sponsors/RubenVerborgh"
        }
      ],
      "license": "MIT",
      "engines": {
        "node": ">=4.0"
      },
      "peerDependenciesMeta": {
        "debug": {
          "optional": true
        }
      }
    },
    "node_modules/node-cache": {
      "version": "5.1.2",
      "resolved": "https://registry.npmjs.org/node-cache/-/node-cache-5.1.2.tgz",
      "integrity": "sha512-t1QzWwnk4sjLWaQAS8CHgOJ+RAfmHpxFWmc36IWTiWHQfs0w5JDMBS1b1ZxQteo0vVVuWJvIUKHDkkeK7vIGCg==",
      "license": "MIT",
      "dependencies": {
        "clone": "2.x"
      },
      "engines": {
        "node": ">= 8.0.0"
      }
    }
  }
}
